
Microsoft Visual Studio Solution File, Format Version 12.00
# Visual Studio Version 16
VisualStudioVersion = 16.0.30517.126
MinimumVisualStudioVersion = 10.0.40219.1
Project("{9A19103F-16F7-4668-BE54-9A1E7A4F7556}") = "MarsRover.Domain", "MarsRover.Domain\MarsRover.Domain.csproj", "{4886C2C0-CE1B-4DCB-A8D4-C1C0D43937E3}"
EndProject
Project("{9A19103F-16F7-4668-BE54-9A1E7A4F7556}") = "MarsRover.Service", "MarsRover.Service\MarsRover.Service.csproj", "{19FA313F-4B90-4AC3-B30A-63925919ABF7}"
EndProject
Project("{9A19103F-16F7-4668-BE54-9A1E7A4F7556}") = "MarsRover.Service.Tests", "MarsRover.Service.Tests\MarsRover.Service.Tests.csproj", "{BE84B290-FAC7-428B-A144-369D9D7F4F21}"
EndProject
Project("{2150E333-8FDC-42A3-9474-1A3956D46DE8}") = "Solution Items", "Solution Items", "{FA3CD18F-6BF0-4B50-90F6-64ACB95AD981}"
	ProjectSection(SolutionItems) = preProject
		README.md = README.md
	EndProjectSection
EndProject
Global
	GlobalSection(SolutionConfigurationPlatforms) = preSolution
		Debug|Any CPU = Debug|Any CPU
		Release|Any CPU = Release|Any CPU
	EndGlobalSection
	GlobalSection(ProjectConfigurationPlatforms) = postSolution
		{4886C2C0-CE1B-4DCB-A8D4-C1C0D43937E3}.Debug|Any CPU.ActiveCfg = Debug|Any CPU
		{4886C2C0-CE1B-4DCB-A8D4-C1C0D43937E3}.Debug|Any CPU.Build.0 = Debug|Any CPU
		{4886C2C0-CE1B-4DCB-A8D4-C1C0D43937E3}.Release|Any CPU.ActiveCfg = Release|Any CPU
		{4886C2C0-CE1B-4DCB-A8D4-C1C0D43937E3}.Release|Any CPU.Build.0 = Release|Any CPU
		{19FA313F-4B90-4AC3-B30A-63925919ABF7}.Debug|Any CPU.ActiveCfg = Debug|Any CPU
		{19FA313F-4B90-4AC3-B30A-63925919ABF7}.Debug|Any CPU.Build.0 = Debug|Any CPU
		{19FA313F-4B90-4AC3-B30A-63925919ABF7}.Release|Any CPU.ActiveCfg = Release|Any CPU
		{19FA313F-4B90-4AC3-B30A-63925919ABF7}.Release|Any CPU.Build.0 = Release|Any CPU
		{BE84B290-FAC7-428B-A144-369D9D7F4F21}.Debug|Any CPU.ActiveCfg = Debug|Any CPU
		{BE84B290-FAC7-428B-A144-369D9D7F4F21}.Debug|Any CPU.Build.0 = Debug|Any CPU
		{BE84B290-FAC7-428B-A144-369D9D7F4F21}.Release|Any CPU.ActiveCfg = Release|Any CPU
		{BE84B290-FAC7-428B-A144-369D9D7F4F21}.Release|Any CPU.Build.0 = Release|Any CPU
	EndGlobalSection
	GlobalSection(SolutionProperties) = preSolution
		HideSolutionNode = FALSE
	EndGlobalSection
	GlobalSection(ExtensibilityGlobals) = postSolution
		SolutionGuid = {9F88DFE2-5C43-42F5-A198-07AAD48093FC}
	EndGlobalSection
EndGlobal
